// !$*UTF8*$!
{
	archiveVersion = 1;
	classes = {
	};
	objectVersion = 56;
	objects = {

/* Begin PBXBuildFile section */
		D704CC992F31BD9D00B3DBD7 /* FilesTests.swift in Sources */ = {isa = PBXBuildFile; fileRef = D704CC982F31BD9D00B3DBD7 /* FilesTests.swift */; };
		D704CC9B2F31C06500B3DBD7 /* Files.swift in Sources */ = {isa = PBXBuildFile; fileRef = D7485E882F309220006EB121 /* Files.swift */; };
		D71C626D2F2327E700D7341D /* ZoomingView.swift in Sources */ = {isa = PBXBuildFile; fileRef = D71C626C2F2327E700D7341D /* ZoomingView.swift */; };
		D71C626F2F23286400D7341D /* VideoView.swift in Sources */ = {isa = PBXBuildFile; fileRef = D71C626E2F23286400D7341D /* VideoView.swift */; };
		D71C62732F232A1C00D7341D /* ActivityIndicatorBackgroundView.swift in Sources */ = {isa = PBXBuildFile; fileRef = D71C62722F232A1C00D7341D /* ActivityIndicatorBackgroundView.swift */; };
		D71C62752F23455500D7341D /* TimeScaleView.swift in Sources */ = {isa = PBXBuildFile; fileRef = D71C62742F23455500D7341D /* TimeScaleView.swift */; };
		D71C62772F2345CF00D7341D /* TimeSlider.swift in Sources */ = {isa = PBXBuildFile; fileRef = D71C62762F2345CF00D7341D /* TimeSlider.swift */; };
		D71C627F2F28C28F00D7341D /* PlaylistVideoPlayer.swift in Sources */ = {isa = PBXBuildFile; fileRef = D71C627E2F28C28F00D7341D /* PlaylistVideoPlayer.swift */; };
		D71C62812F28C3E900D7341D /* PlaylistVideoPlayerDelegate.swift in Sources */ = {isa = PBXBuildFile; fileRef = D71C62802F28C3E900D7341D /* PlaylistVideoPlayerDelegate.swift */; };
		D720B6F32F2B77F9005FDA6B /* Global.swift in Sources */ = {isa = PBXBuildFile; fileRef = D720B6F22F2B77F9005FDA6B /* Global.swift */; };
		D720B6F52F2B7945005FDA6B /* VLCExtensions.swift in Sources */ = {isa = PBXBuildFile; fileRef = D720B6F42F2B7945005FDA6B /* VLCExtensions.swift */; };
		D720B6F72F2B79D6005FDA6B /* HttpHelpers.swift in Sources */ = {isa = PBXBuildFile; fileRef = D720B6F62F2B79D6005FDA6B /* HttpHelpers.swift */; };
		D733D0032F324F7300EF0CAC /* Operations.swift in Sources */ = {isa = PBXBuildFile; fileRef = D733D0022F324F7300EF0CAC /* Operations.swift */; };
		D733D0052F32501700EF0CAC /* TimeScaleViewDelegate.swift in Sources */ = {isa = PBXBuildFile; fileRef = D733D0042F32501700EF0CAC /* TimeScaleViewDelegate.swift */; };
		D733D0072F3331AF00EF0CAC /* FragmentVideoPlayerViewDelegate.swift in Sources */ = {isa = PBXBuildFile; fileRef = D733D0062F3331AF00EF0CAC /* FragmentVideoPlayerViewDelegate.swift */; };
		D733D0092F33441E00EF0CAC /* PlaylistVideoPlayerOptional.swift in Sources */ = {isa = PBXBuildFile; fileRef = D733D0082F33441E00EF0CAC /* PlaylistVideoPlayerOptional.swift */; };
		D7485E862F2F3BBD006EB121 /* VideoScrollView.swift in Sources */ = {isa = PBXBuildFile; fileRef = D7485E852F2F3BBD006EB121 /* VideoScrollView.swift */; };
		D7485E892F309220006EB121 /* Files.swift in Sources */ = {isa = PBXBuildFile; fileRef = D7485E882F309220006EB121 /* Files.swift */; };
		D76FDBDD2F346491009482A3 /* TitleView.swift in Sources */ = {isa = PBXBuildFile; fileRef = D76FDBDC2F346491009482A3 /* TitleView.swift */; };
		D76FDBE02F349482009482A3 /* VideoMetaDataParser.swift in Sources */ = {isa = PBXBuildFile; fileRef = D76FDBDF2F349482009482A3 /* VideoMetaDataParser.swift */; };
		D78A35972F2BE3D900DC3B87 /* AudioToolbox.framework in Frameworks */ = {isa = PBXBuildFile; fileRef = D78A35962F2BE3D900DC3B87 /* AudioToolbox.framework */; };
		D78A359D2F2BE41700DC3B87 /* CoreAudio.framework in Frameworks */ = {isa = PBXBuildFile; fileRef = D78A359C2F2BE41700DC3B87 /* CoreAudio.framework */; };
		D78A359F2F2BE43B00DC3B87 /* AVFoundation.framework in Frameworks */ = {isa = PBXBuildFile; fileRef = D78A359E2F2BE43B00DC3B87 /* AVFoundation.framework */; };
		D78A35A52F2BE49400DC3B87 /* libiconv.tbd in Frameworks */ = {isa = PBXBuildFile; fileRef = D78A35A42F2BE49400DC3B87 /* libiconv.tbd */; };
		D78A35A82F2BE4E800DC3B87 /* libc++.tbd in Frameworks */ = {isa = PBXBuildFile; fileRef = D78A35A02F2BE45D00DC3B87 /* libc++.tbd */; };
		D78A35A92F2BE51100DC3B87 /* VideoToolbox.framework in Frameworks */ = {isa = PBXBuildFile; fileRef = D78A35982F2BE3E900DC3B87 /* VideoToolbox.framework */; };
		D78A35AA2F2BE52800DC3B87 /* CoreMedia.framework in Frameworks */ = {isa = PBXBuildFile; fileRef = D78A35A62F2BE4C000DC3B87 /* CoreMedia.framework */; };
		D78A35AC2F2BE54000DC3B87 /* libbz2.tbd in Frameworks */ = {isa = PBXBuildFile; fileRef = D78A35AB2F2BE54000DC3B87 /* libbz2.tbd */; };
		D7B5E7152F223D4F00B7B64B /* PlayerViewController.swift in Sources */ = {isa = PBXBuildFile; fileRef = D7B5E7142F223D4F00B7B64B /* PlayerViewController.swift */; };
		D7B5E7172F226ACF00B7B64B /* FragmentVideoPlayerView.xib in Resources */ = {isa = PBXBuildFile; fileRef = D7B5E7162F226ACF00B7B64B /* FragmentVideoPlayerView.xib */; };
		D7C0A4222F2E550F00BDE75B /* libStepSlider.a in Frameworks */ = {isa = PBXBuildFile; fileRef = D7C0A4212F2E550F00BDE75B /* libStepSlider.a */; };
		D7C0A4242F2E57F700BDE75B /* FragmentVideoPlayerView.swift in Sources */ = {isa = PBXBuildFile; fileRef = D7C0A4232F2E57F700BDE75B /* FragmentVideoPlayerView.swift */; };
		D7C6A9942F2B95FE006D5B70 /* libExtendedScrollView.a in Frameworks */ = {isa = PBXBuildFile; fileRef = D7C6A9932F2B95FE006D5B70 /* libExtendedScrollView.a */; };
		D7EEE24C2F221C040098A5CB /* AppDelegate.swift in Sources */ = {isa = PBXBuildFile; fileRef = D7EEE24B2F221C040098A5CB /* AppDelegate.swift */; };
		D7EEE24E2F221C040098A5CB /* SceneDelegate.swift in Sources */ = {isa = PBXBuildFile; fileRef = D7EEE24D2F221C040098A5CB /* SceneDelegate.swift */; };
		D7EEE2502F221C040098A5CB /* StartViewController.swift in Sources */ = {isa = PBXBuildFile; fileRef = D7EEE24F2F221C040098A5CB /* StartViewController.swift */; };
		D7EEE2532F221C040098A5CB /* Main.storyboard in Resources */ = {isa = PBXBuildFile; fileRef = D7EEE2512F221C040098A5CB /* Main.storyboard */; };
		D7EEE2552F221C050098A5CB /* Assets.xcassets in Resources */ = {isa = PBXBuildFile; fileRef = D7EEE2542F221C050098A5CB /* Assets.xcassets */; };
		D7EEE2582F221C050098A5CB /* LaunchScreen.storyboard in Resources */ = {isa = PBXBuildFile; fileRef = D7EEE2562F221C050098A5CB /* LaunchScreen.storyboard */; };
		D7EEE2612F221C8C0098A5CB /* MobileVLCKit.framework in Frameworks */ = {isa = PBXBuildFile; fileRef = D7EEE2602F221C8C0098A5CB /* MobileVLCKit.framework */; };
/* End PBXBuildFile section */

/* Begin PBXContainerItemProxy section */
		D794BC522F31BA910012DA5D /* PBXContainerItemProxy */ = {
			isa = PBXContainerItemProxy;
			containerPortal = D7EEE2402F221C040098A5CB /* Project object */;
			proxyType = 1;
			remoteGlobalIDString = D7EEE2472F221C040098A5CB;
			remoteInfo = VideoArchivePlayer;
		};
/* End PBXContainerItemProxy section */

/* Begin PBXFileReference section */
		D704CC982F31BD9D00B3DBD7 /* FilesTests.swift */ = {isa = PBXFileReference; lastKnownFileType = sourcecode.swift; path = FilesTests.swift; sourceTree = "<group>"; };
		D71C626C2F2327E700D7341D /* ZoomingView.swift */ = {isa = PBXFileReference; lastKnownFileType = sourcecode.swift; path = ZoomingView.swift; sourceTree = "<group>"; };
		D71C626E2F23286400D7341D /* VideoView.swift */ = {isa = PBXFileReference; lastKnownFileType = sourcecode.swift; path = VideoView.swift; sourceTree = "<group>"; };
		D71C62722F232A1C00D7341D /* ActivityIndicatorBackgroundView.swift */ = {isa = PBXFileReference; lastKnownFileType = sourcecode.swift; path = ActivityIndicatorBackgroundView.swift; sourceTree = "<group>"; };
		D71C62742F23455500D7341D /* TimeScaleView.swift */ = {isa = PBXFileReference; lastKnownFileType = sourcecode.swift; path = TimeScaleView.swift; sourceTree = "<group>"; };
		D71C62762F2345CF00D7341D /* TimeSlider.swift */ = {isa = PBXFileReference; lastKnownFileType = sourcecode.swift; path = TimeSlider.swift; sourceTree = "<group>"; };
		D71C627E2F28C28F00D7341D /* PlaylistVideoPlayer.swift */ = {isa = PBXFileReference; lastKnownFileType = sourcecode.swift; path = PlaylistVideoPlayer.swift; sourceTree = "<group>"; };
		D71C62802F28C3E900D7341D /* PlaylistVideoPlayerDelegate.swift */ = {isa = PBXFileReference; lastKnownFileType = sourcecode.swift; path = PlaylistVideoPlayerDelegate.swift; sourceTree = "<group>"; };
		D720B6F12F28E29A005FDA6B /* VideoArchivePlayer-Bridging-Header.h */ = {isa = PBXFileReference; lastKnownFileType = sourcecode.c.h; path = "VideoArchivePlayer-Bridging-Header.h"; sourceTree = "<group>"; };
		D720B6F22F2B77F9005FDA6B /* Global.swift */ = {isa = PBXFileReference; lastKnownFileType = sourcecode.swift; path = Global.swift; sourceTree = "<group>"; };
		D720B6F42F2B7945005FDA6B /* VLCExtensions.swift */ = {isa = PBXFileReference; lastKnownFileType = sourcecode.swift; path = VLCExtensions.swift; sourceTree = "<group>"; };
		D720B6F62F2B79D6005FDA6B /* HttpHelpers.swift */ = {isa = PBXFileReference; lastKnownFileType = sourcecode.swift; path = HttpHelpers.swift; sourceTree = "<group>"; };
		D733D0022F324F7300EF0CAC /* Operations.swift */ = {isa = PBXFileReference; lastKnownFileType = sourcecode.swift; path = Operations.swift; sourceTree = "<group>"; };
		D733D0042F32501700EF0CAC /* TimeScaleViewDelegate.swift */ = {isa = PBXFileReference; lastKnownFileType = sourcecode.swift; path = TimeScaleViewDelegate.swift; sourceTree = "<group>"; };
		D733D0062F3331AF00EF0CAC /* FragmentVideoPlayerViewDelegate.swift */ = {isa = PBXFileReference; lastKnownFileType = sourcecode.swift; path = FragmentVideoPlayerViewDelegate.swift; sourceTree = "<group>"; };
		D733D0082F33441E00EF0CAC /* PlaylistVideoPlayerOptional.swift */ = {isa = PBXFileReference; lastKnownFileType = sourcecode.swift; path = PlaylistVideoPlayerOptional.swift; sourceTree = "<group>"; };
		D7485E852F2F3BBD006EB121 /* VideoScrollView.swift */ = {isa = PBXFileReference; lastKnownFileType = sourcecode.swift; path = VideoScrollView.swift; sourceTree = "<group>"; };
		D7485E882F309220006EB121 /* Files.swift */ = {isa = PBXFileReference; lastKnownFileType = sourcecode.swift; path = Files.swift; sourceTree = "<group>"; };
		D76FDBDC2F346491009482A3 /* TitleView.swift */ = {isa = PBXFileReference; lastKnownFileType = sourcecode.swift; path = TitleView.swift; sourceTree = "<group>"; };
		D76FDBDF2F349482009482A3 /* VideoMetaDataParser.swift */ = {isa = PBXFileReference; lastKnownFileType = sourcecode.swift; path = VideoMetaDataParser.swift; sourceTree = "<group>"; };
		D78A35962F2BE3D900DC3B87 /* AudioToolbox.framework */ = {isa = PBXFileReference; lastKnownFileType = wrapper.framework; name = AudioToolbox.framework; path = System/Library/Frameworks/AudioToolbox.framework; sourceTree = SDKROOT; };
		D78A35982F2BE3E900DC3B87 /* VideoToolbox.framework */ = {isa = PBXFileReference; lastKnownFileType = wrapper.framework; name = VideoToolbox.framework; path = System/Library/Frameworks/VideoToolbox.framework; sourceTree = SDKROOT; };
		D78A359A2F2BE41000DC3B87 /* CoreVideo.framework */ = {isa = PBXFileReference; lastKnownFileType = wrapper.framework; name = CoreVideo.framework; path = System/Library/Frameworks/CoreVideo.framework; sourceTree = SDKROOT; };
		D78A359C2F2BE41700DC3B87 /* CoreAudio.framework */ = {isa = PBXFileReference; lastKnownFileType = wrapper.framework; name = CoreAudio.framework; path = System/Library/Frameworks/CoreAudio.framework; sourceTree = SDKROOT; };
		D78A359E2F2BE43B00DC3B87 /* AVFoundation.framework */ = {isa = PBXFileReference; lastKnownFileType = wrapper.framework; name = AVFoundation.framework; path = System/Library/Frameworks/AVFoundation.framework; sourceTree = SDKROOT; };
		D78A35A02F2BE45D00DC3B87 /* libc++.tbd */ = {isa = PBXFileReference; lastKnownFileType = "sourcecode.text-based-dylib-definition"; name = "libc++.tbd"; path = "usr/lib/libc++.tbd"; sourceTree = SDKROOT; };
		D78A35A22F2BE47E00DC3B87 /* libz.tbd */ = {isa = PBXFileReference; lastKnownFileType = "sourcecode.text-based-dylib-definition"; name = libz.tbd; path = usr/lib/libz.tbd; sourceTree = SDKROOT; };
		D78A35A42F2BE49400DC3B87 /* libiconv.tbd */ = {isa = PBXFileReference; lastKnownFileType = "sourcecode.text-based-dylib-definition"; name = libiconv.tbd; path = usr/lib/libiconv.tbd; sourceTree = SDKROOT; };
		D78A35A62F2BE4C000DC3B87 /* CoreMedia.framework */ = {isa = PBXFileReference; lastKnownFileType = wrapper.framework; name = CoreMedia.framework; path = System/Library/Frameworks/CoreMedia.framework; sourceTree = SDKROOT; };
		D78A35AB2F2BE54000DC3B87 /* libbz2.tbd */ = {isa = PBXFileReference; lastKnownFileType = "sourcecode.text-based-dylib-definition"; name = libbz2.tbd; path = usr/lib/libbz2.tbd; sourceTree = SDKROOT; };
		D794BC4E2F31BA900012DA5D /* UnitTests.xctest */ = {isa = PBXFileReference; explicitFileType = wrapper.cfbundle; includeInIndex = 0; path = UnitTests.xctest; sourceTree = BUILT_PRODUCTS_DIR; };
		D7B5E7142F223D4F00B7B64B /* PlayerViewController.swift */ = {isa = PBXFileReference; lastKnownFileType = sourcecode.swift; path = PlayerViewController.swift; sourceTree = "<group>"; };
		D7B5E7162F226ACF00B7B64B /* FragmentVideoPlayerView.xib */ = {isa = PBXFileReference; lastKnownFileType = file.xib; name = FragmentVideoPlayerView.xib; path = Source/Player/FragmentVideoPlayerView.xib; sourceTree = SOURCE_ROOT; };
		D7C0A4212F2E550F00BDE75B /* libStepSlider.a */ = {isa = PBXFileReference; lastKnownFileType = archive.ar; name = libStepSlider.a; path = Libraries/StepSlider/libStepSlider.a; sourceTree = "<group>"; };
		D7C0A4232F2E57F700BDE75B /* FragmentVideoPlayerView.swift */ = {isa = PBXFileReference; lastKnownFileType = sourcecode.swift; path = FragmentVideoPlayerView.swift; sourceTree = "<group>"; };
		D7C6A9932F2B95FE006D5B70 /* libExtendedScrollView.a */ = {isa = PBXFileReference; lastKnownFileType = archive.ar; name = libExtendedScrollView.a; path = Libraries/ExtendedScrollView/libExtendedScrollView.a; sourceTree = "<group>"; };
		D7EEE2482F221C040098A5CB /* VideoArchivePlayer.app */ = {isa = PBXFileReference; explicitFileType = wrapper.application; includeInIndex = 0; path = VideoArchivePlayer.app; sourceTree = BUILT_PRODUCTS_DIR; };
		D7EEE24B2F221C040098A5CB /* AppDelegate.swift */ = {isa = PBXFileReference; lastKnownFileType = sourcecode.swift; path = AppDelegate.swift; sourceTree = "<group>"; };
		D7EEE24D2F221C040098A5CB /* SceneDelegate.swift */ = {isa = PBXFileReference; lastKnownFileType = sourcecode.swift; path = SceneDelegate.swift; sourceTree = "<group>"; };
		D7EEE24F2F221C040098A5CB /* StartViewController.swift */ = {isa = PBXFileReference; lastKnownFileType = sourcecode.swift; path = StartViewController.swift; sourceTree = "<group>"; };
		D7EEE2522F221C040098A5CB /* Base */ = {isa = PBXFileReference; lastKnownFileType = file.storyboard; name = Base; path = Base.lproj/Main.storyboard; sourceTree = "<group>"; };
		D7EEE2542F221C050098A5CB /* Assets.xcassets */ = {isa = PBXFileReference; lastKnownFileType = folder.assetcatalog; path = Assets.xcassets; sourceTree = "<group>"; };
		D7EEE2572F221C050098A5CB /* Base */ = {isa = PBXFileReference; lastKnownFileType = file.storyboard; name = Base; path = Base.lproj/LaunchScreen.storyboard; sourceTree = "<group>"; };
		D7EEE2592F221C050098A5CB /* Info.plist */ = {isa = PBXFileReference; lastKnownFileType = text.plist.xml; path = Info.plist; sourceTree = "<group>"; };
		D7EEE2602F221C8C0098A5CB /* MobileVLCKit.framework */ = {isa = PBXFileReference; lastKnownFileType = wrapper.framework; name = MobileVLCKit.framework; path = Frameworks/MobileVLCKit.framework; sourceTree = "<group>"; };
/* End PBXFileReference section */

/* Begin PBXFrameworksBuildPhase section */
		D794BC4B2F31BA900012DA5D /* Frameworks */ = {
			isa = PBXFrameworksBuildPhase;
			buildActionMask = 2147483647;
			files = (
			);
			runOnlyForDeploymentPostprocessing = 0;
		};
		D7EEE2452F221C040098A5CB /* Frameworks */ = {
			isa = PBXFrameworksBuildPhase;
			buildActionMask = 2147483647;
			files = (
				D7C0A4222F2E550F00BDE75B /* libStepSlider.a in Frameworks */,
				D78A35AC2F2BE54000DC3B87 /* libbz2.tbd in Frameworks */,
				D78A35AA2F2BE52800DC3B87 /* CoreMedia.framework in Frameworks */,
				D78A35A92F2BE51100DC3B87 /* VideoToolbox.framework in Frameworks */,
				D78A35A82F2BE4E800DC3B87 /* libc++.tbd in Frameworks */,
				D78A35A52F2BE49400DC3B87 /* libiconv.tbd in Frameworks */,
				D78A359F2F2BE43B00DC3B87 /* AVFoundation.framework in Frameworks */,
				D78A359D2F2BE41700DC3B87 /* CoreAudio.framework in Frameworks */,
				D78A35972F2BE3D900DC3B87 /* AudioToolbox.framework in Frameworks */,
				D7C6A9942F2B95FE006D5B70 /* libExtendedScrollView.a in Frameworks */,
				D7EEE2612F221C8C0098A5CB /* MobileVLCKit.framework in Frameworks */,
			);
			runOnlyForDeploymentPostprocessing = 0;
		};
/* End PBXFrameworksBuildPhase section */

/* Begin PBXGroup section */
		D7485E872F2FE7C2006EB121 /* Source */ = {
			isa = PBXGroup;
			children = (
				D720B6F22F2B77F9005FDA6B /* Global.swift */,
				D7EEE24B2F221C040098A5CB /* AppDelegate.swift */,
				D7EEE24D2F221C040098A5CB /* SceneDelegate.swift */,
				D7485E882F309220006EB121 /* Files.swift */,
				D733D0022F324F7300EF0CAC /* Operations.swift */,
				D76FDBDF2F349482009482A3 /* VideoMetaDataParser.swift */,
				D78A35B42F2DE4F900DC3B87 /* Helpers */,
				D78A35B32F2DE49000DC3B87 /* Controllers */,
				D78A35B02F2DD53D00DC3B87 /* Views */,
				D78A35AF2F2DD51600DC3B87 /* Player */,
			);
			path = Source;
			sourceTree = "<group>";
		};
		D76FDBDB2F346479009482A3 /* Views */ = {
			isa = PBXGroup;
			children = (
				D76FDBDC2F346491009482A3 /* TitleView.swift */,
			);
			path = Views;
			sourceTree = "<group>";
		};
		D78A35AF2F2DD51600DC3B87 /* Player */ = {
			isa = PBXGroup;
			children = (
				D71C627E2F28C28F00D7341D /* PlaylistVideoPlayer.swift */,
				D71C62802F28C3E900D7341D /* PlaylistVideoPlayerDelegate.swift */,
				D733D0082F33441E00EF0CAC /* PlaylistVideoPlayerOptional.swift */,
				D7B5E7162F226ACF00B7B64B /* FragmentVideoPlayerView.xib */,
				D7C0A4232F2E57F700BDE75B /* FragmentVideoPlayerView.swift */,
				D733D0062F3331AF00EF0CAC /* FragmentVideoPlayerViewDelegate.swift */,
				D720B6F42F2B7945005FDA6B /* VLCExtensions.swift */,
				D78A35B22F2DD62400DC3B87 /* Views */,
			);
			path = Player;
			sourceTree = "<group>";
		};
		D78A35B02F2DD53D00DC3B87 /* Views */ = {
			isa = PBXGroup;
			children = (
				D71C62742F23455500D7341D /* TimeScaleView.swift */,
				D71C62762F2345CF00D7341D /* TimeSlider.swift */,
				D733D0042F32501700EF0CAC /* TimeScaleViewDelegate.swift */,
			);
			path = Views;
			sourceTree = "<group>";
		};
		D78A35B22F2DD62400DC3B87 /* Views */ = {
			isa = PBXGroup;
			children = (
				D71C626E2F23286400D7341D /* VideoView.swift */,
				D71C626C2F2327E700D7341D /* ZoomingView.swift */,
				D71C62722F232A1C00D7341D /* ActivityIndicatorBackgroundView.swift */,
				D7485E852F2F3BBD006EB121 /* VideoScrollView.swift */,
			);
			path = Views;
			sourceTree = "<group>";
		};
		D78A35B32F2DE49000DC3B87 /* Controllers */ = {
			isa = PBXGroup;
			children = (
				D76FDBDB2F346479009482A3 /* Views */,
				D7EEE24F2F221C040098A5CB /* StartViewController.swift */,
				D7B5E7142F223D4F00B7B64B /* PlayerViewController.swift */,
			);
			path = Controllers;
			sourceTree = "<group>";
		};
		D78A35B42F2DE4F900DC3B87 /* Helpers */ = {
			isa = PBXGroup;
			children = (
				D720B6F62F2B79D6005FDA6B /* HttpHelpers.swift */,
			);
			path = Helpers;
			sourceTree = "<group>";
		};
		D794BC4F2F31BA910012DA5D /* UnitTests */ = {
			isa = PBXGroup;
			children = (
				D704CC982F31BD9D00B3DBD7 /* FilesTests.swift */,
			);
			path = UnitTests;
			sourceTree = "<group>";
		};
		D7EEE23F2F221C040098A5CB = {
			isa = PBXGroup;
			children = (
				D7485E872F2FE7C2006EB121 /* Source */,
				D7EEE2512F221C040098A5CB /* Main.storyboard */,
				D7EEE2562F221C050098A5CB /* LaunchScreen.storyboard */,
				D7EEE2542F221C050098A5CB /* Assets.xcassets */,
				D7EEE2592F221C050098A5CB /* Info.plist */,
				D720B6F12F28E29A005FDA6B /* VideoArchivePlayer-Bridging-Header.h */,
				D794BC4F2F31BA910012DA5D /* UnitTests */,
				D7EEE2492F221C040098A5CB /* Products */,
				D7EEE25F2F221C8C0098A5CB /* Frameworks */,
			);
			sourceTree = "<group>";
		};
		D7EEE2492F221C040098A5CB /* Products */ = {
			isa = PBXGroup;
			children = (
				D7EEE2482F221C040098A5CB /* VideoArchivePlayer.app */,
				D794BC4E2F31BA900012DA5D /* UnitTests.xctest */,
			);
			name = Products;
			sourceTree = "<group>";
		};
		D7EEE25F2F221C8C0098A5CB /* Frameworks */ = {
			isa = PBXGroup;
			children = (
				D7C0A4212F2E550F00BDE75B /* libStepSlider.a */,
				D78A35AB2F2BE54000DC3B87 /* libbz2.tbd */,
				D78A35A62F2BE4C000DC3B87 /* CoreMedia.framework */,
				D78A35A42F2BE49400DC3B87 /* libiconv.tbd */,
				D78A35A22F2BE47E00DC3B87 /* libz.tbd */,
				D78A35A02F2BE45D00DC3B87 /* libc++.tbd */,
				D78A359E2F2BE43B00DC3B87 /* AVFoundation.framework */,
				D78A359C2F2BE41700DC3B87 /* CoreAudio.framework */,
				D78A359A2F2BE41000DC3B87 /* CoreVideo.framework */,
				D78A35982F2BE3E900DC3B87 /* VideoToolbox.framework */,
				D78A35962F2BE3D900DC3B87 /* AudioToolbox.framework */,
				D7C6A9932F2B95FE006D5B70 /* libExtendedScrollView.a */,
				D7EEE2602F221C8C0098A5CB /* MobileVLCKit.framework */,
			);
			name = Frameworks;
			sourceTree = "<group>";
		};
/* End PBXGroup section */

/* Begin PBXNativeTarget section */
		D794BC4D2F31BA900012DA5D /* UnitTests */ = {
			isa = PBXNativeTarget;
			buildConfigurationList = D794BC562F31BA910012DA5D /* Build configuration list for PBXNativeTarget "UnitTests" */;
			buildPhases = (
				D794BC4A2F31BA900012DA5D /* Sources */,
				D794BC4B2F31BA900012DA5D /* Frameworks */,
				D794BC4C2F31BA900012DA5D /* Resources */,
			);
			buildRules = (
			);
			dependencies = (
				D794BC532F31BA910012DA5D /* PBXTargetDependency */,
			);
			name = UnitTests;
			productName = UnitTests;
			productReference = D794BC4E2F31BA900012DA5D /* UnitTests.xctest */;
			productType = "com.apple.product-type.bundle.unit-test";
		};
		D7EEE2472F221C040098A5CB /* VideoArchivePlayer */ = {
			isa = PBXNativeTarget;
			buildConfigurationList = D7EEE25C2F221C050098A5CB /* Build configuration list for PBXNativeTarget "VideoArchivePlayer" */;
			buildPhases = (
				D7EEE2442F221C040098A5CB /* Sources */,
				D7EEE2452F221C040098A5CB /* Frameworks */,
				D7EEE2462F221C040098A5CB /* Resources */,
			);
			buildRules = (
			);
			dependencies = (
			);
			name = VideoArchivePlayer;
			productName = VideoArchivePlayer;
			productReference = D7EEE2482F221C040098A5CB /* VideoArchivePlayer.app */;
			productType = "com.apple.product-type.application";
		};
/* End PBXNativeTarget section */

/* Begin PBXProject section */
		D7EEE2402F221C040098A5CB /* Project object */ = {
			isa = PBXProject;
			attributes = {
				BuildIndependentTargetsInParallel = 1;
				LastSwiftUpdateCheck = 1430;
				LastUpgradeCheck = 1430;
				TargetAttributes = {
					D794BC4D2F31BA900012DA5D = {
						CreatedOnToolsVersion = 14.3.1;
						TestTargetID = D7EEE2472F221C040098A5CB;
					};
					D7EEE2472F221C040098A5CB = {
						CreatedOnToolsVersion = 14.3.1;
						LastSwiftMigration = 1430;
					};
				};
			};
			buildConfigurationList = D7EEE2432F221C040098A5CB /* Build configuration list for PBXProject "VideoArchivePlayer" */;
			compatibilityVersion = "Xcode 14.0";
			developmentRegion = en;
			hasScannedForEncodings = 0;
			knownRegions = (
				en,
				Base,
			);
			mainGroup = D7EEE23F2F221C040098A5CB;
			productRefGroup = D7EEE2492F221C040098A5CB /* Products */;
			projectDirPath = "";
			projectRoot = "";
			targets = (
				D7EEE2472F221C040098A5CB /* VideoArchivePlayer */,
				D794BC4D2F31BA900012DA5D /* UnitTests */,
			);
		};
/* End PBXProject section */

/* Begin PBXResourcesBuildPhase section */
		D794BC4C2F31BA900012DA5D /* Resources */ = {
			isa = PBXResourcesBuildPhase;
			buildActionMask = 2147483647;
			files = (
			);
			runOnlyForDeploymentPostprocessing = 0;
		};
		D7EEE2462F221C040098A5CB /* Resources */ = {
			isa = PBXResourcesBuildPhase;
			buildActionMask = 2147483647;
			files = (
				D7B5E7172F226ACF00B7B64B /* FragmentVideoPlayerView.xib in Resources */,
				D7EEE2582F221C050098A5CB /* LaunchScreen.storyboard in Resources */,
				D7EEE2552F221C050098A5CB /* Assets.xcassets in Resources */,
				D7EEE2532F221C040098A5CB /* Main.storyboard in Resources */,
			);
			runOnlyForDeploymentPostprocessing = 0;
		};
/* End PBXResourcesBuildPhase section */

/* Begin PBXSourcesBuildPhase section */
		D794BC4A2F31BA900012DA5D /* Sources */ = {
			isa = PBXSourcesBuildPhase;
			buildActionMask = 2147483647;
			files = (
				D704CC9B2F31C06500B3DBD7 /* Files.swift in Sources */,
				D704CC992F31BD9D00B3DBD7 /* FilesTests.swift in Sources */,
			);
			runOnlyForDeploymentPostprocessing = 0;
		};
		D7EEE2442F221C040098A5CB /* Sources */ = {
			isa = PBXSourcesBuildPhase;
			buildActionMask = 2147483647;
			files = (
				D7485E862F2F3BBD006EB121 /* VideoScrollView.swift in Sources */,
				D71C626F2F23286400D7341D /* VideoView.swift in Sources */,
				D7EEE2502F221C040098A5CB /* StartViewController.swift in Sources */,
				D7B5E7152F223D4F00B7B64B /* PlayerViewController.swift in Sources */,
				D71C62752F23455500D7341D /* TimeScaleView.swift in Sources */,
				D733D0052F32501700EF0CAC /* TimeScaleViewDelegate.swift in Sources */,
				D733D0072F3331AF00EF0CAC /* FragmentVideoPlayerViewDelegate.swift in Sources */,
				D71C626D2F2327E700D7341D /* ZoomingView.swift in Sources */,
				D720B6F32F2B77F9005FDA6B /* Global.swift in Sources */,
				D7EEE24C2F221C040098A5CB /* AppDelegate.swift in Sources */,
				D71C627F2F28C28F00D7341D /* PlaylistVideoPlayer.swift in Sources */,
				D733D0032F324F7300EF0CAC /* Operations.swift in Sources */,
				D733D0092F33441E00EF0CAC /* PlaylistVideoPlayerOptional.swift in Sources */,
				D71C62732F232A1C00D7341D /* ActivityIndicatorBackgroundView.swift in Sources */,
				D7485E892F309220006EB121 /* Files.swift in Sources */,
				D7EEE24E2F221C040098A5CB /* SceneDelegate.swift in Sources */,
				D71C62772F2345CF00D7341D /* TimeSlider.swift in Sources */,
				D71C62812F28C3E900D7341D /* PlaylistVideoPlayerDelegate.swift in Sources */,
				D7C0A4242F2E57F700BDE75B /* FragmentVideoPlayerView.swift in Sources */,
				D76FDBDD2F346491009482A3 /* TitleView.swift in Sources */,
				D720B6F72F2B79D6005FDA6B /* HttpHelpers.swift in Sources */,
				D76FDBE02F349482009482A3 /* VideoMetaDataParser.swift in Sources */,
				D720B6F52F2B7945005FDA6B /* VLCExtensions.swift in Sources */,
			);
			runOnlyForDeploymentPostprocessing = 0;
		};
/* End PBXSourcesBuildPhase section */

/* Begin PBXTargetDependency section */
		D794BC532F31BA910012DA5D /* PBXTargetDependency */ = {
			isa = PBXTargetDependency;
			target = D7EEE2472F221C040098A5CB /* VideoArchivePlayer */;
			targetProxy = D794BC522F31BA910012DA5D /* PBXContainerItemProxy */;
		};
/* End PBXTargetDependency section */

/* Begin PBXVariantGroup section */
		D7EEE2512F221C040098A5CB /* Main.storyboard */ = {
			isa = PBXVariantGroup;
			children = (
				D7EEE2522F221C040098A5CB /* Base */,
			);
			name = Main.storyboard;
			sourceTree = "<group>";
		};
		D7EEE2562F221C050098A5CB /* LaunchScreen.storyboard */ = {
			isa = PBXVariantGroup;
			children = (
				D7EEE2572F221C050098A5CB /* Base */,
			);
			name = LaunchScreen.storyboard;
			sourceTree = "<group>";
		};
/* End PBXVariantGroup section */

/* Begin XCBuildConfiguration section */
		D794BC542F31BA910012DA5D /* Debug */ = {
			isa = XCBuildConfiguration;
			buildSettings = {
				BUNDLE_LOADER = "$(TEST_HOST)";
				CODE_SIGN_STYLE = Manual;
				CURRENT_PROJECT_VERSION = 1;
				DEVELOPMENT_TEAM = "";
				"EXCLUDED_ARCHS[sdk=iphonesimulator*]" = arm64;
				GENERATE_INFOPLIST_FILE = YES;
				MARKETING_VERSION = 1.0;
				PRODUCT_BUNDLE_IDENTIFIER = ru.limbo.video.archive.player.test;
				PRODUCT_NAME = "$(TARGET_NAME)";
				PROVISIONING_PROFILE_SPECIFIER = "";
				SWIFT_EMIT_LOC_STRINGS = NO;
				SWIFT_VERSION = 5.0;
				TARGETED_DEVICE_FAMILY = "1,2";
				TEST_HOST = "$(BUILT_PRODUCTS_DIR)/VideoArchivePlayer.app/$(BUNDLE_EXECUTABLE_FOLDER_PATH)/VideoArchivePlayer";
			};
			name = Debug;
		};
		D794BC552F31BA910012DA5D /* Release */ = {
			isa = XCBuildConfiguration;
			buildSettings = {
				BUNDLE_LOADER = "$(TEST_HOST)";
				CODE_SIGN_STYLE = Manual;
				CURRENT_PROJECT_VERSION = 1;
				DEVELOPMENT_TEAM = "";
				GENERATE_INFOPLIST_FILE = YES;
				MARKETING_VERSION = 1.0;
				PRODUCT_BUNDLE_IDENTIFIER = ru.limbo.video.archive.player.test;
				PRODUCT_NAME = "$(TARGET_NAME)";
				PROVISIONING_PROFILE_SPECIFIER = "";
				SWIFT_EMIT_LOC_STRINGS = NO;
				SWIFT_VERSION = 5.0;
				TARGETED_DEVICE_FAMILY = "1,2";
				TEST_HOST = "$(BUILT_PRODUCTS_DIR)/VideoArchivePlayer.app/$(BUNDLE_EXECUTABLE_FOLDER_PATH)/VideoArchivePlayer";
			};
			name = Release;
		};
		D7EEE25A2F221C050098A5CB /* Debug */ = {
			isa = XCBuildConfiguration;
			buildSettings = {
				ALWAYS_SEARCH_USER_PATHS = NO;
				ARCHS = "$(ARCHS_STANDARD)";
				CLANG_ANALYZER_NONNULL = YES;
				CLANG_ANALYZER_NUMBER_OBJECT_CONVERSION = YES_AGGRESSIVE;
				CLANG_CXX_LANGUAGE_STANDARD = "gnu++20";
				CLANG_ENABLE_MODULES = YES;
				CLANG_ENABLE_OBJC_ARC = YES;
				CLANG_ENABLE_OBJC_WEAK = YES;
				CLANG_WARN_BLOCK_CAPTURE_AUTORELEASING = YES;
				CLANG_WARN_BOOL_CONVERSION = YES;
				CLANG_WARN_COMMA = YES;
				CLANG_WARN_CONSTANT_CONVERSION = YES;
				CLANG_WARN_DEPRECATED_OBJC_IMPLEMENTATIONS = YES;
				CLANG_WARN_DIRECT_OBJC_ISA_USAGE = YES_ERROR;
				CLANG_WARN_DOCUMENTATION_COMMENTS = YES;
				CLANG_WARN_EMPTY_BODY = YES;
				CLANG_WARN_ENUM_CONVERSION = YES;
				CLANG_WARN_INFINITE_RECURSION = YES;
				CLANG_WARN_INT_CONVERSION = YES;
				CLANG_WARN_NON_LITERAL_NULL_CONVERSION = YES;
				CLANG_WARN_OBJC_IMPLICIT_RETAIN_SELF = YES;
				CLANG_WARN_OBJC_LITERAL_CONVERSION = YES;
				CLANG_WARN_OBJC_ROOT_CLASS = YES_ERROR;
				CLANG_WARN_QUOTED_INCLUDE_IN_FRAMEWORK_HEADER = YES;
				CLANG_WARN_RANGE_LOOP_ANALYSIS = YES;
				CLANG_WARN_STRICT_PROTOTYPES = YES;
				CLANG_WARN_SUSPICIOUS_MOVE = YES;
				CLANG_WARN_UNGUARDED_AVAILABILITY = YES_AGGRESSIVE;
				CLANG_WARN_UNREACHABLE_CODE = YES;
				CLANG_WARN__DUPLICATE_METHOD_MATCH = YES;
				COPY_PHASE_STRIP = NO;
				DEBUG_INFORMATION_FORMAT = dwarf;
				ENABLE_STRICT_OBJC_MSGSEND = YES;
				ENABLE_TESTABILITY = YES;
				GCC_C_LANGUAGE_STANDARD = gnu11;
				GCC_DYNAMIC_NO_PIC = NO;
				GCC_NO_COMMON_BLOCKS = YES;
				GCC_OPTIMIZATION_LEVEL = 0;
				GCC_PREPROCESSOR_DEFINITIONS = (
					"DEBUG=1",
					"$(inherited)",
				);
				GCC_WARN_64_TO_32_BIT_CONVERSION = YES;
				GCC_WARN_ABOUT_RETURN_TYPE = YES_ERROR;
				GCC_WARN_UNDECLARED_SELECTOR = YES;
				GCC_WARN_UNINITIALIZED_AUTOS = YES_AGGRESSIVE;
				GCC_WARN_UNUSED_FUNCTION = YES;
				GCC_WARN_UNUSED_VARIABLE = YES;
				IPHONEOS_DEPLOYMENT_TARGET = 16.4;
				MTL_ENABLE_DEBUG_INFO = INCLUDE_SOURCE;
				MTL_FAST_MATH = YES;
				ONLY_ACTIVE_ARCH = YES;
				SDKROOT = iphoneos;
				SWIFT_ACTIVE_COMPILATION_CONDITIONS = DEBUG;
				SWIFT_OBJC_BRIDGING_HEADER = "";
				SWIFT_OPTIMIZATION_LEVEL = "-Onone";
			};
			name = Debug;
		};
		D7EEE25B2F221C050098A5CB /* Release */ = {
			isa = XCBuildConfiguration;
			buildSettings = {
				ALWAYS_SEARCH_USER_PATHS = NO;
				ARCHS = "$(ARCHS_STANDARD)";
				CLANG_ANALYZER_NONNULL = YES;
				CLANG_ANALYZER_NUMBER_OBJECT_CONVERSION = YES_AGGRESSIVE;
				CLANG_CXX_LANGUAGE_STANDARD = "gnu++20";
				CLANG_ENABLE_MODULES = YES;
				CLANG_ENABLE_OBJC_ARC = YES;
				CLANG_ENABLE_OBJC_WEAK = YES;
				CLANG_WARN_BLOCK_CAPTURE_AUTORELEASING = YES;
				CLANG_WARN_BOOL_CONVERSION = YES;
				CLANG_WARN_COMMA = YES;
				CLANG_WARN_CONSTANT_CONVERSION = YES;
				CLANG_WARN_DEPRECATED_OBJC_IMPLEMENTATIONS = YES;
				CLANG_WARN_DIRECT_OBJC_ISA_USAGE = YES_ERROR;
				CLANG_WARN_DOCUMENTATION_COMMENTS = YES;
				CLANG_WARN_EMPTY_BODY = YES;
				CLANG_WARN_ENUM_CONVERSION = YES;
				CLANG_WARN_INFINITE_RECURSION = YES;
				CLANG_WARN_INT_CONVERSION = YES;
				CLANG_WARN_NON_LITERAL_NULL_CONVERSION = YES;
				CLANG_WARN_OBJC_IMPLICIT_RETAIN_SELF = YES;
				CLANG_WARN_OBJC_LITERAL_CONVERSION = YES;
				CLANG_WARN_OBJC_ROOT_CLASS = YES_ERROR;
				CLANG_WARN_QUOTED_INCLUDE_IN_FRAMEWORK_HEADER = YES;
				CLANG_WARN_RANGE_LOOP_ANALYSIS = YES;
				CLANG_WARN_STRICT_PROTOTYPES = YES;
				CLANG_WARN_SUSPICIOUS_MOVE = YES;
				CLANG_WARN_UNGUARDED_AVAILABILITY = YES_AGGRESSIVE;
				CLANG_WARN_UNREACHABLE_CODE = YES;
				CLANG_WARN__DUPLICATE_METHOD_MATCH = YES;
				COPY_PHASE_STRIP = NO;
				DEBUG_INFORMATION_FORMAT = "dwarf-with-dsym";
				ENABLE_NS_ASSERTIONS = NO;
				ENABLE_STRICT_OBJC_MSGSEND = YES;
				GCC_C_LANGUAGE_STANDARD = gnu11;
				GCC_NO_COMMON_BLOCKS = YES;
				GCC_WARN_64_TO_32_BIT_CONVERSION = YES;
				GCC_WARN_ABOUT_RETURN_TYPE = YES_ERROR;
				GCC_WARN_UNDECLARED_SELECTOR = YES;
				GCC_WARN_UNINITIALIZED_AUTOS = YES_AGGRESSIVE;
				GCC_WARN_UNUSED_FUNCTION = YES;
				GCC_WARN_UNUSED_VARIABLE = YES;
				IPHONEOS_DEPLOYMENT_TARGET = 16.4;
				MTL_ENABLE_DEBUG_INFO = NO;
				MTL_FAST_MATH = YES;
				SDKROOT = iphoneos;
				SWIFT_COMPILATION_MODE = wholemodule;
				SWIFT_OBJC_BRIDGING_HEADER = "";
				SWIFT_OPTIMIZATION_LEVEL = "-O";
				VALIDATE_PRODUCT = YES;
			};
			name = Release;
		};
		D7EEE25D2F221C050098A5CB /* Debug */ = {
			isa = XCBuildConfiguration;
			buildSettings = {
				ARCHS = "$(ARCHS_STANDARD)";
				ASSETCATALOG_COMPILER_APPICON_NAME = AppIcon;
				ASSETCATALOG_COMPILER_GLOBAL_ACCENT_COLOR_NAME = AccentColor;
				ASSETCATALOG_COMPILER_INCLUDE_ALL_APPICON_ASSETS = NO;
				CLANG_ENABLE_MODULES = YES;
				CODE_SIGN_STYLE = Manual;
				CURRENT_PROJECT_VERSION = 1;
				DEVELOPMENT_TEAM = "";
				EXCLUDED_ARCHS = "";
				"EXCLUDED_ARCHS[sdk=iphonesimulator*]" = arm64;
				FRAMEWORK_SEARCH_PATHS = (
					"$(inherited)",
					"$(PROJECT_DIR)/Frameworks",
				);
				GENERATE_INFOPLIST_FILE = YES;
				HEADER_SEARCH_PATHS = "$(PROJECT_DIR)/Libraries/**";
				INFOPLIST_FILE = Info.plist;
				INFOPLIST_KEY_CFBundleDisplayName = VAPlayer;
				INFOPLIST_KEY_LSApplicationCategoryType = "public.app-category.video";
				INFOPLIST_KEY_UIApplicationSupportsIndirectInputEvents = YES;
				INFOPLIST_KEY_UILaunchStoryboardName = LaunchScreen.storyboard;
				INFOPLIST_KEY_UIMainStoryboardFile = Main;
				INFOPLIST_KEY_UISupportedInterfaceOrientations_iPad = "UIInterfaceOrientationPortrait UIInterfaceOrientationPortraitUpsideDown UIInterfaceOrientationLandscapeLeft UIInterfaceOrientationLandscapeRight";
				INFOPLIST_KEY_UISupportedInterfaceOrientations_iPhone = "UIInterfaceOrientationPortrait UIInterfaceOrientationLandscapeLeft UIInterfaceOrientationLandscapeRight";
				LD_RUNPATH_SEARCH_PATHS = (
					"$(inherited)",
					"@executable_path/Frameworks",
				);
				LIBRARY_SEARCH_PATHS = (
					"$(inherited)",
					"$(PROJECT_DIR)/Libraries/ExtendedScrollView",
					"$(PROJECT_DIR)/Libraries/StepSlider",
				);
				MARKETING_VERSION = 1.0;
				ONLY_ACTIVE_ARCH = YES;
				OTHER_LDFLAGS = "";
				PRODUCT_BUNDLE_IDENTIFIER = ru.limbo.video.archive.player;
				PRODUCT_NAME = "$(TARGET_NAME)";
				PROVISIONING_PROFILE_SPECIFIER = "";
				SWIFT_EMIT_LOC_STRINGS = YES;
				SWIFT_OBJC_BRIDGING_HEADER = "$(PROJECT_DIR)/VideoArchivePlayer-Bridging-Header.h";
				SWIFT_OPTIMIZATION_LEVEL = "-Onone";
				SWIFT_VERSION = 5.0;
				TARGETED_DEVICE_FAMILY = "1,2";
			};
			name = Debug;
		};
		D7EEE25E2F221C050098A5CB /* Release */ = {
			isa = XCBuildConfiguration;
			buildSettings = {
				ARCHS = "$(ARCHS_STANDARD)";
				ASSETCATALOG_COMPILER_APPICON_NAME = AppIcon;
				ASSETCATALOG_COMPILER_GLOBAL_ACCENT_COLOR_NAME = AccentColor;
				ASSETCATALOG_COMPILER_INCLUDE_ALL_APPICON_ASSETS = NO;
				CLANG_ENABLE_MODULES = YES;
				CODE_SIGN_STYLE = Manual;
				CURRENT_PROJECT_VERSION = 1;
				DEVELOPMENT_TEAM = "";
				EXCLUDED_ARCHS = "";
				FRAMEWORK_SEARCH_PATHS = (
					"$(inherited)",
					"$(PROJECT_DIR)/Frameworks",
				);
				GENERATE_INFOPLIST_FILE = YES;
				HEADER_SEARCH_PATHS = "$(PROJECT_DIR)/Libraries/**";
				INFOPLIST_FILE = Info.plist;
				INFOPLIST_KEY_CFBundleDisplayName = VAPlayer;
				INFOPLIST_KEY_LSApplicationCategoryType = "public.app-category.video";
				INFOPLIST_KEY_UIApplicationSupportsIndirectInputEvents = YES;
				INFOPLIST_KEY_UILaunchStoryboardName = LaunchScreen.storyboard;
				INFOPLIST_KEY_UIMainStoryboardFile = Main;
				INFOPLIST_KEY_UISupportedInterfaceOrientations_iPad = "UIInterfaceOrientationPortrait UIInterfaceOrientationPortraitUpsideDown UIInterfaceOrientationLandscapeLeft UIInterfaceOrientationLandscapeRight";
				INFOPLIST_KEY_UISupportedInterfaceOrientations_iPhone = "UIInterfaceOrientationPortrait UIInterfaceOrientationLandscapeLeft UIInterfaceOrientationLandscapeRight";
				LD_RUNPATH_SEARCH_PATHS = (
					"$(inherited)",
					"@executable_path/Frameworks",
				);
				LIBRARY_SEARCH_PATHS = (
					"$(inherited)",
					"$(PROJECT_DIR)/Libraries/ExtendedScrollView",
					"$(PROJECT_DIR)/Libraries/StepSlider",
				);
				MARKETING_VERSION = 1.0;
				ONLY_ACTIVE_ARCH = NO;
				OTHER_LDFLAGS = "";
				PRODUCT_BUNDLE_IDENTIFIER = ru.limbo.video.archive.player;
				PRODUCT_NAME = "$(TARGET_NAME)";
				PROVISIONING_PROFILE_SPECIFIER = "";
				SWIFT_EMIT_LOC_STRINGS = YES;
				SWIFT_OBJC_BRIDGING_HEADER = "$(PROJECT_DIR)/VideoArchivePlayer-Bridging-Header.h";
				SWIFT_VERSION = 5.0;
				TARGETED_DEVICE_FAMILY = "1,2";
			};
			name = Release;
		};
/* End XCBuildConfiguration section */

/* Begin XCConfigurationList section */
		D794BC562F31BA910012DA5D /* Build configuration list for PBXNativeTarget "UnitTests" */ = {
			isa = XCConfigurationList;
			buildConfigurations = (
				D794BC542F31BA910012DA5D /* Debug */,
				D794BC552F31BA910012DA5D /* Release */,
			);
			defaultConfigurationIsVisible = 0;
			defaultConfigurationName = Release;
		};
		D7EEE2432F221C040098A5CB /* Build configuration list for PBXProject "VideoArchivePlayer" */ = {
			isa = XCConfigurationList;
			buildConfigurations = (
				D7EEE25A2F221C050098A5CB /* Debug */,
				D7EEE25B2F221C050098A5CB /* Release */,
			);
			defaultConfigurationIsVisible = 0;
			defaultConfigurationName = Release;
		};
		D7EEE25C2F221C050098A5CB /* Build configuration list for PBXNativeTarget "VideoArchivePlayer" */ = {
			isa = XCConfigurationList;
			buildConfigurations = (
				D7EEE25D2F221C050098A5CB /* Debug */,
				D7EEE25E2F221C050098A5CB /* Release */,
			);
			defaultConfigurationIsVisible = 0;
			defaultConfigurationName = Release;
		};
/* End XCConfigurationList section */
	};
	rootObject = D7EEE2402F221C040098A5CB /* Project object */;
}
